
Microsoft Visual Studio Solution File, Format Version 12.00
# Visual Studio 15
Project("{FAE04EC0-301F-11D3-BF4B-00C04F79EFBC}") = "Unity.AI.Navigation.Samples", "Unity.AI.Navigation.Samples.csproj", "{7B1ADEB6-26CA-7F10-EE8A-0D046933FE6C}"
EndProject
Project("{FAE04EC0-301F-11D3-BF4B-00C04F79EFBC}") = "Unity.Splines.Examples", "Unity.Splines.Examples.csproj", "{C3829A77-0843-6A94-3472-7A70B31CD4FD}"
EndProject
Project("{FAE04EC0-301F-11D3-BF4B-00C04F79EFBC}") = "Assembly-CSharp", "Assembly-CSharp.csproj", "{1A57BCC5-9217-F3EC-F44F-CCF770FCAF50}"
EndProject
Project("{FAE04EC0-301F-11D3-BF4B-00C04F79EFBC}") = "Unity.Splines.Examples.Editor", "Unity.Splines.Examples.Editor.csproj", "{2793021A-7280-1EF8-C6C9-E3F829699F63}"
EndProject
Project("{FAE04EC0-301F-11D3-BF4B-00C04F79EFBC}") = "Assembly-CSharp-Editor", "Assembly-CSharp-Editor.csproj", "{2817EC7C-0011-CEBC-A19B-41508996FFDE}"
EndProject
Project("{FAE04EC0-301F-11D3-BF4B-00C04F79EFBC}") = "Unity.AI.Navigation.Samples.Initialization.Editor", "Unity.AI.Navigation.Samples.Initialization.Editor.csproj", "{516C6025-327A-8105-C752-5C8871242255}"
EndProject
Global
	GlobalSection(SolutionConfigurationPlatforms) = preSolution
		Debug|Any CPU = Debug|Any CPU
		Release|Any CPU = Release|Any CPU
	EndGlobalSection
	GlobalSection(ProjectConfigurationPlatforms) = postSolution
		{7B1ADEB6-26CA-7F10-EE8A-0D046933FE6C}.Debug|Any CPU.ActiveCfg = Debug|Any CPU
		{7B1ADEB6-26CA-7F10-EE8A-0D046933FE6C}.Debug|Any CPU.Build.0 = Debug|Any CPU
		{7B1ADEB6-26CA-7F10-EE8A-0D046933FE6C}.Release|Any CPU.ActiveCfg = Release|Any CPU
		{7B1ADEB6-26CA-7F10-EE8A-0D046933FE6C}.Release|Any CPU.Build.0 = Release|Any CPU
		{C3829A77-0843-6A94-3472-7A70B31CD4FD}.Debug|Any CPU.ActiveCfg = Debug|Any CPU
		{C3829A77-0843-6A94-3472-7A70B31CD4FD}.Debug|Any CPU.Build.0 = Debug|Any CPU
		{C3829A77-0843-6A94-3472-7A70B31CD4FD}.Release|Any CPU.ActiveCfg = Release|Any CPU
		{C3829A77-0843-6A94-3472-7A70B31CD4FD}.Release|Any CPU.Build.0 = Release|Any CPU
		{1A57BCC5-9217-F3EC-F44F-CCF770FCAF50}.Debug|Any CPU.ActiveCfg = Debug|Any CPU
		{1A57BCC5-9217-F3EC-F44F-CCF770FCAF50}.Debug|Any CPU.Build.0 = Debug|Any CPU
		{1A57BCC5-9217-F3EC-F44F-CCF770FCAF50}.Release|Any CPU.ActiveCfg = Release|Any CPU
		{1A57BCC5-9217-F3EC-F44F-CCF770FCAF50}.Release|Any CPU.Build.0 = Release|Any CPU
		{2793021A-7280-1EF8-C6C9-E3F829699F63}.Debug|Any CPU.ActiveCfg = Debug|Any CPU
		{2793021A-7280-1EF8-C6C9-E3F829699F63}.Debug|Any CPU.Build.0 = Debug|Any CPU
		{2793021A-7280-1EF8-C6C9-E3F829699F63}.Release|Any CPU.ActiveCfg = Release|Any CPU
		{2793021A-7280-1EF8-C6C9-E3F829699F63}.Release|Any CPU.Build.0 = Release|Any CPU
		{2817EC7C-0011-CEBC-A19B-41508996FFDE}.Debug|Any CPU.ActiveCfg = Debug|Any CPU
		{2817EC7C-0011-CEBC-A19B-41508996FFDE}.Debug|Any CPU.Build.0 = Debug|Any CPU
		{2817EC7C-0011-CEBC-A19B-41508996FFDE}.Release|Any CPU.ActiveCfg = Release|Any CPU
		{2817EC7C-0011-CEBC-A19B-41508996FFDE}.Release|Any CPU.Build.0 = Release|Any CPU
		{516C6025-327A-8105-C752-5C8871242255}.Debug|Any CPU.ActiveCfg = Debug|Any CPU
		{516C6025-327A-8105-C752-5C8871242255}.Debug|Any CPU.Build.0 = Debug|Any CPU
		{516C6025-327A-8105-C752-5C8871242255}.Release|Any CPU.ActiveCfg = Release|Any CPU
		{516C6025-327A-8105-C752-5C8871242255}.Release|Any CPU.Build.0 = Release|Any CPU
	EndGlobalSection
	GlobalSection(SolutionProperties) = preSolution
		HideSolutionNode = FALSE
	EndGlobalSection
EndGlobal
