
Microsoft Visual Studio Solution File, Format Version 12.00
# Visual Studio 15
Project("{FAE04EC0-301F-11D3-BF4B-00C04F79EFBC}") = "Assembly-CSharp-Editor", "Assembly-CSharp-Editor.csproj", "{309594EE-ADE7-61C1-F78D-72BBD1C916B2}"
EndProject
Project("{FAE04EC0-301F-11D3-BF4B-00C04F79EFBC}") = "Assembly-CSharp", "Assembly-CSharp.csproj", "{1D8FEC52-EC92-FE3E-0F57-2766CDAF3D6E}"
EndProject
Project("{FAE04EC0-301F-11D3-BF4B-00C04F79EFBC}") = "Assembly-CSharp", "Assembly-CSharp.Player.csproj", "{2465E550-81BD-1CBE-ED5B-0DBAB67A9DC8}"
EndProject
Global
	GlobalSection(SolutionConfigurationPlatforms) = preSolution
		Debug|Any CPU = Debug|Any CPU
		Release|Any CPU = Release|Any CPU
	EndGlobalSection
	GlobalSection(ProjectConfigurationPlatforms) = postSolution
		{309594EE-ADE7-61C1-F78D-72BBD1C916B2}.Debug|Any CPU.ActiveCfg = Debug|Any CPU
		{309594EE-ADE7-61C1-F78D-72BBD1C916B2}.Debug|Any CPU.Build.0 = Debug|Any CPU
		{309594EE-ADE7-61C1-F78D-72BBD1C916B2}.Release|Any CPU.ActiveCfg = Release|Any CPU
		{309594EE-ADE7-61C1-F78D-72BBD1C916B2}.Release|Any CPU.Build.0 = Release|Any CPU
		{1D8FEC52-EC92-FE3E-0F57-2766CDAF3D6E}.Debug|Any CPU.ActiveCfg = Debug|Any CPU
		{1D8FEC52-EC92-FE3E-0F57-2766CDAF3D6E}.Debug|Any CPU.Build.0 = Debug|Any CPU
		{1D8FEC52-EC92-FE3E-0F57-2766CDAF3D6E}.Release|Any CPU.ActiveCfg = Release|Any CPU
		{1D8FEC52-EC92-FE3E-0F57-2766CDAF3D6E}.Release|Any CPU.Build.0 = Release|Any CPU
		{2465E550-81BD-1CBE-ED5B-0DBAB67A9DC8}.Debug|Any CPU.ActiveCfg = Debug|Any CPU
		{2465E550-81BD-1CBE-ED5B-0DBAB67A9DC8}.Debug|Any CPU.Build.0 = Debug|Any CPU
		{2465E550-81BD-1CBE-ED5B-0DBAB67A9DC8}.Release|Any CPU.ActiveCfg = Release|Any CPU
		{2465E550-81BD-1CBE-ED5B-0DBAB67A9DC8}.Release|Any CPU.Build.0 = Release|Any CPU
	EndGlobalSection
	GlobalSection(SolutionProperties) = preSolution
		HideSolutionNode = FALSE
	EndGlobalSection
EndGlobal
