
Microsoft Visual Studio Solution File, Format Version 12.00
# Visual Studio 15
Project("{FAE04EC0-301F-11D3-BF4B-00C04F79EFBC}") = "Assembly-CSharp", "Assembly-CSharp.csproj", "{392C2326-0B59-3FFA-1236-5C0C7E3BF41B}"
EndProject
Project("{FAE04EC0-301F-11D3-BF4B-00C04F79EFBC}") = "Assembly-CSharp-Editor", "Assembly-CSharp-Editor.csproj", "{8DAD07E4-220E-2546-1C01-36BFBA7726F5}"
EndProject
Project("{FAE04EC0-301F-11D3-BF4B-00C04F79EFBC}") = "Assembly-CSharp", "Assembly-CSharp.Player.csproj", "{FAF48A18-0FF4-AB1B-5456-6E6A4505CD1E}"
EndProject
Global
	GlobalSection(SolutionConfigurationPlatforms) = preSolution
		Debug|Any CPU = Debug|Any CPU
		Release|Any CPU = Release|Any CPU
	EndGlobalSection
	GlobalSection(ProjectConfigurationPlatforms) = postSolution
		{392C2326-0B59-3FFA-1236-5C0C7E3BF41B}.Debug|Any CPU.ActiveCfg = Debug|Any CPU
		{392C2326-0B59-3FFA-1236-5C0C7E3BF41B}.Debug|Any CPU.Build.0 = Debug|Any CPU
		{392C2326-0B59-3FFA-1236-5C0C7E3BF41B}.Release|Any CPU.ActiveCfg = Release|Any CPU
		{392C2326-0B59-3FFA-1236-5C0C7E3BF41B}.Release|Any CPU.Build.0 = Release|Any CPU
		{8DAD07E4-220E-2546-1C01-36BFBA7726F5}.Debug|Any CPU.ActiveCfg = Debug|Any CPU
		{8DAD07E4-220E-2546-1C01-36BFBA7726F5}.Debug|Any CPU.Build.0 = Debug|Any CPU
		{8DAD07E4-220E-2546-1C01-36BFBA7726F5}.Release|Any CPU.ActiveCfg = Release|Any CPU
		{8DAD07E4-220E-2546-1C01-36BFBA7726F5}.Release|Any CPU.Build.0 = Release|Any CPU
		{FAF48A18-0FF4-AB1B-5456-6E6A4505CD1E}.Debug|Any CPU.ActiveCfg = Debug|Any CPU
		{FAF48A18-0FF4-AB1B-5456-6E6A4505CD1E}.Debug|Any CPU.Build.0 = Debug|Any CPU
		{FAF48A18-0FF4-AB1B-5456-6E6A4505CD1E}.Release|Any CPU.ActiveCfg = Release|Any CPU
		{FAF48A18-0FF4-AB1B-5456-6E6A4505CD1E}.Release|Any CPU.Build.0 = Release|Any CPU
	EndGlobalSection
	GlobalSection(SolutionProperties) = preSolution
		HideSolutionNode = FALSE
	EndGlobalSection
EndGlobal
